
Microsoft Visual Studio Solution File, Format Version 12.00
# Visual Studio Version 17
VisualStudioVersion = 17.1.32210.238
MinimumVisualStudioVersion = 10.0.40219.1
Project("{FAE04EC0-301F-11D3-BF4B-00C04F79EFBC}") = "CompanyCrudBlazor", "CompanyCrudBlazor\CompanyCrudBlazor.csproj", "{3765F30D-BF4D-4FF4-9CFF-1490A8187D80}"
EndProject
Global
	GlobalSection(SolutionConfigurationPlatforms) = preSolution
		Debug|Any CPU = Debug|Any CPU
		Release|Any CPU = Release|Any CPU
	EndGlobalSection
	GlobalSection(ProjectConfigurationPlatforms) = postSolution
		{3765F30D-BF4D-4FF4-9CFF-1490A8187D80}.Debug|Any CPU.ActiveCfg = Debug|Any CPU
		{3765F30D-BF4D-4FF4-9CFF-1490A8187D80}.Debug|Any CPU.Build.0 = Debug|Any CPU
		{3765F30D-BF4D-4FF4-9CFF-1490A8187D80}.Release|Any CPU.ActiveCfg = Release|Any CPU
		{3765F30D-BF4D-4FF4-9CFF-1490A8187D80}.Release|Any CPU.Build.0 = Release|Any CPU
	EndGlobalSection
	GlobalSection(SolutionProperties) = preSolution
		HideSolutionNode = FALSE
	EndGlobalSection
	GlobalSection(ExtensibilityGlobals) = postSolution
		SolutionGuid = {16CB6605-EEDB-40EE-AB81-8C19846E256B}
	EndGlobalSection
EndGlobal
